
Microsoft Visual Studio Solution File, Format Version 12.00
# Visual Studio Version 17
VisualStudioVersion = 17.3.32825.248
MinimumVisualStudioVersion = 10.0.40219.1
Project("{FAE04EC0-301F-11D3-BF4B-00C04F79EFBC}") = "AttributesProject", "AttributesProject\AttributesProject.csproj", "{2A0B5A02-B22E-4F17-8C86-E9E285D43177}"
EndProject
Global
	GlobalSection(SolutionConfigurationPlatforms) = preSolution
		Debug|Any CPU = Debug|Any CPU
		Release|Any CPU = Release|Any CPU
	EndGlobalSection
	GlobalSection(ProjectConfigurationPlatforms) = postSolution
		{2A0B5A02-B22E-4F17-8C86-E9E285D43177}.Debug|Any CPU.ActiveCfg = Debug|Any CPU
		{2A0B5A02-B22E-4F17-8C86-E9E285D43177}.Debug|Any CPU.Build.0 = Debug|Any CPU
		{2A0B5A02-B22E-4F17-8C86-E9E285D43177}.Release|Any CPU.ActiveCfg = Release|Any CPU
		{2A0B5A02-B22E-4F17-8C86-E9E285D43177}.Release|Any CPU.Build.0 = Release|Any CPU
	EndGlobalSection
	GlobalSection(SolutionProperties) = preSolution
		HideSolutionNode = FALSE
	EndGlobalSection
	GlobalSection(ExtensibilityGlobals) = postSolution
		SolutionGuid = {5FE0D0F4-9BED-4524-943B-287BB5CC5C7D}
	EndGlobalSection
EndGlobal
